
Microsoft Visual Studio Solution File, Format Version 12.00
# Visual Studio 15
Project("{2150E333-8FDC-42A3-9474-1A3956D46DE8}") = "Tests", "Tests", "{81BBDF01-C5AE-4186-B5D0-1304781B1676}"
EndProject
Project("{FAE04EC0-301F-11D3-BF4B-00C04F79EFBC}") = "AGL.CodeChallenge.ConsoleApp", "AGL.CodeChallenge.ConsoleApp\AGL.CodeChallenge.ConsoleApp.csproj", "{328209C0-2226-4E8D-819B-ECBDA752271A}"
EndProject
Project("{FAE04EC0-301F-11D3-BF4B-00C04F79EFBC}") = "AGL.CodeChallenge.Services", "AGL.CodeChallenge.Services\AGL.CodeChallenge.Services.csproj", "{75395E0F-3CEE-4F19-AB57-86B47D4D84BD}"
EndProject
Project("{FAE04EC0-301F-11D3-BF4B-00C04F79EFBC}") = "AGL.CodeChallenge.Common", "AGL.CodeChallenge.Common\AGL.CodeChallenge.Common.csproj", "{1B51E33E-7279-47B9-83E3-B7B8A7BC439F}"
EndProject
Project("{FAE04EC0-301F-11D3-BF4B-00C04F79EFBC}") = "AGL.CodeChallenge.Services.Test", "AGL.CodeChallenge.Services.Test\AGL.CodeChallenge.Services.Test.csproj", "{E7A33B93-9812-4CF7-94FA-2593A46555D5}"
EndProject
Global
	GlobalSection(SolutionConfigurationPlatforms) = preSolution
		Debug|Any CPU = Debug|Any CPU
		Release|Any CPU = Release|Any CPU
	EndGlobalSection
	GlobalSection(ProjectConfigurationPlatforms) = postSolution
		{328209C0-2226-4E8D-819B-ECBDA752271A}.Debug|Any CPU.ActiveCfg = Debug|Any CPU
		{328209C0-2226-4E8D-819B-ECBDA752271A}.Debug|Any CPU.Build.0 = Debug|Any CPU
		{328209C0-2226-4E8D-819B-ECBDA752271A}.Release|Any CPU.ActiveCfg = Release|Any CPU
		{328209C0-2226-4E8D-819B-ECBDA752271A}.Release|Any CPU.Build.0 = Release|Any CPU
		{75395E0F-3CEE-4F19-AB57-86B47D4D84BD}.Debug|Any CPU.ActiveCfg = Debug|Any CPU
		{75395E0F-3CEE-4F19-AB57-86B47D4D84BD}.Debug|Any CPU.Build.0 = Debug|Any CPU
		{75395E0F-3CEE-4F19-AB57-86B47D4D84BD}.Release|Any CPU.ActiveCfg = Release|Any CPU
		{75395E0F-3CEE-4F19-AB57-86B47D4D84BD}.Release|Any CPU.Build.0 = Release|Any CPU
		{1B51E33E-7279-47B9-83E3-B7B8A7BC439F}.Debug|Any CPU.ActiveCfg = Debug|Any CPU
		{1B51E33E-7279-47B9-83E3-B7B8A7BC439F}.Debug|Any CPU.Build.0 = Debug|Any CPU
		{1B51E33E-7279-47B9-83E3-B7B8A7BC439F}.Release|Any CPU.ActiveCfg = Release|Any CPU
		{1B51E33E-7279-47B9-83E3-B7B8A7BC439F}.Release|Any CPU.Build.0 = Release|Any CPU
		{E7A33B93-9812-4CF7-94FA-2593A46555D5}.Debug|Any CPU.ActiveCfg = Debug|Any CPU
		{E7A33B93-9812-4CF7-94FA-2593A46555D5}.Debug|Any CPU.Build.0 = Debug|Any CPU
		{E7A33B93-9812-4CF7-94FA-2593A46555D5}.Release|Any CPU.ActiveCfg = Release|Any CPU
		{E7A33B93-9812-4CF7-94FA-2593A46555D5}.Release|Any CPU.Build.0 = Release|Any CPU
	EndGlobalSection
	GlobalSection(NestedProjects) = preSolution
		{E7A33B93-9812-4CF7-94FA-2593A46555D5} = {81BBDF01-C5AE-4186-B5D0-1304781B1676}
	EndGlobalSection
EndGlobal
